
Microsoft Visual Studio Solution File, Format Version 12.00
# Visual Studio Version 17
VisualStudioVersion = 17.2.32516.85
MinimumVisualStudioVersion = 10.0.40219.1
Project("{FAE04EC0-301F-11D3-BF4B-00C04F79EFBC}") = "TonerManagement", "TonerManagement.csproj", "{93ABB9A5-2E13-4572-9B2A-E44B0E59BB0C}"
EndProject
Project("{FAE04EC0-301F-11D3-BF4B-00C04F79EFBC}") = "Toner.Web", "..\Toner.Web\Toner.Web.csproj", "{52625890-83E2-4051-8089-3150C68C84EE}"
EndProject
Project("{FAE04EC0-301F-11D3-BF4B-00C04F79EFBC}") = "Toner.Domain", "..\Toner.Domain\Toner.Domain.csproj", "{7E06D0B6-E42B-4CF3-BC06-43862FAF4C0B}"
EndProject
Global
	GlobalSection(SolutionConfigurationPlatforms) = preSolution
		Debug|Any CPU = Debug|Any CPU
		Release|Any CPU = Release|Any CPU
	EndGlobalSection
	GlobalSection(ProjectConfigurationPlatforms) = postSolution
		{93ABB9A5-2E13-4572-9B2A-E44B0E59BB0C}.Debug|Any CPU.ActiveCfg = Debug|Any CPU
		{93ABB9A5-2E13-4572-9B2A-E44B0E59BB0C}.Debug|Any CPU.Build.0 = Debug|Any CPU
		{93ABB9A5-2E13-4572-9B2A-E44B0E59BB0C}.Release|Any CPU.ActiveCfg = Release|Any CPU
		{93ABB9A5-2E13-4572-9B2A-E44B0E59BB0C}.Release|Any CPU.Build.0 = Release|Any CPU
		{52625890-83E2-4051-8089-3150C68C84EE}.Debug|Any CPU.ActiveCfg = Debug|Any CPU
		{52625890-83E2-4051-8089-3150C68C84EE}.Debug|Any CPU.Build.0 = Debug|Any CPU
		{52625890-83E2-4051-8089-3150C68C84EE}.Release|Any CPU.ActiveCfg = Release|Any CPU
		{52625890-83E2-4051-8089-3150C68C84EE}.Release|Any CPU.Build.0 = Release|Any CPU
		{7E06D0B6-E42B-4CF3-BC06-43862FAF4C0B}.Debug|Any CPU.ActiveCfg = Debug|Any CPU
		{7E06D0B6-E42B-4CF3-BC06-43862FAF4C0B}.Debug|Any CPU.Build.0 = Debug|Any CPU
		{7E06D0B6-E42B-4CF3-BC06-43862FAF4C0B}.Release|Any CPU.ActiveCfg = Release|Any CPU
		{7E06D0B6-E42B-4CF3-BC06-43862FAF4C0B}.Release|Any CPU.Build.0 = Release|Any CPU
	EndGlobalSection
	GlobalSection(SolutionProperties) = preSolution
		HideSolutionNode = FALSE
	EndGlobalSection
	GlobalSection(ExtensibilityGlobals) = postSolution
		SolutionGuid = {60647523-5D4D-43CE-A5F2-4E59B3B087D0}
	EndGlobalSection
EndGlobal
